
Microsoft Visual Studio Solution File, Format Version 12.00
# Visual Studio Version 17
VisualStudioVersion = 17.4.33103.184
MinimumVisualStudioVersion = 10.0.40219.1
Project("{FAE04EC0-301F-11D3-BF4B-00C04F79EFBC}") = "MapEncryption", "MapEncryption.csproj", "{2FE9985B-66C7-43B5-B7DF-F30D39F42467}"
EndProject
Global
	GlobalSection(SolutionConfigurationPlatforms) = preSolution
		Debug|Any CPU = Debug|Any CPU
		Release|Any CPU = Release|Any CPU
	EndGlobalSection
	GlobalSection(ProjectConfigurationPlatforms) = postSolution
		{2FE9985B-66C7-43B5-B7DF-F30D39F42467}.Debug|Any CPU.ActiveCfg = Debug|Any CPU
		{2FE9985B-66C7-43B5-B7DF-F30D39F42467}.Debug|Any CPU.Build.0 = Debug|Any CPU
		{2FE9985B-66C7-43B5-B7DF-F30D39F42467}.Release|Any CPU.ActiveCfg = Release|Any CPU
		{2FE9985B-66C7-43B5-B7DF-F30D39F42467}.Release|Any CPU.Build.0 = Release|Any CPU
	EndGlobalSection
	GlobalSection(SolutionProperties) = preSolution
		HideSolutionNode = FALSE
	EndGlobalSection
	GlobalSection(ExtensibilityGlobals) = postSolution
		SolutionGuid = {9AABC4BC-8B86-4175-BE38-9B5AE503816E}
	EndGlobalSection
EndGlobal
